{
  "name": "svelte-sortable",
  "version": "0.0.1",
  "lockfileVersion": 1,
  "requires": true,
  "dependencies": {
    "sortablejs": {
      "version": "1.10.1",
      "resolved": "https://registry.npmjs.org/sortablejs/-/sortablejs-1.10.1.tgz",
      "integrity": "sha512-N6r7GrVmO8RW1rn0cTdvK3JR0BcqecAJ0PmYMCL3ZuqTH3pY+9QyqkmJSkkLyyDvd+AJnwaxTP22Ybr/83V9hQ=="
    }
  }
}
